{
  "version": 4,
  "terraform_version": "1.15.5",
  "serial": 20,
  "lineage": "59e37f2d-9566-cfce-933c-cdce02d15e38",
  "outputs": {
    "ec2_public_ip": {
      "value": "13.48.194.194",
      "type": "string"
    }
  },
  "resources": [
    {
      "mode": "managed",
      "type": "aws_instance",
      "name": "buecherei_server",
      "provider": "provider[\"registry.terraform.io/hashicorp/aws\"]",
      "instances": [
        {
          "schema_version": 1,
          "attributes": {
            "ami": "ami-08eb150f611ca277f",
            "arn": "arn:aws:ec2:eu-north-1:284483510826:instance/i-0cec3ad6961f06f18",
            "associate_public_ip_address": true,
            "availability_zone": "eu-north-1b",
            "capacity_reservation_specification": [
              {
                "capacity_reservation_preference": "open",
                "capacity_reservation_target": []
              }
            ],
            "cpu_core_count": 1,
            "cpu_options": [
              {
                "amd_sev_snp": "",
                "core_count": 1,
                "threads_per_core": 2
              }
            ],
            "cpu_threads_per_core": 2,
            "credit_specification": [
              {
                "cpu_credits": "unlimited"
              }
            ],
            "disable_api_stop": false,
            "disable_api_termination": false,
            "ebs_block_device": [],
            "ebs_optimized": false,
            "enable_primary_ipv6": null,
            "enclave_options": [
              {
                "enabled": false
              }
            ],
            "ephemeral_block_device": [],
            "get_password_data": false,
            "hibernation": false,
            "host_id": "",
            "host_resource_group_arn": null,
            "iam_instance_profile": "",
            "id": "i-0cec3ad6961f06f18",
            "instance_initiated_shutdown_behavior": "stop",
            "instance_lifecycle": "",
            "instance_market_options": [],
            "instance_state": "running",
            "instance_type": "t3.micro",
            "ipv6_address_count": 0,
            "ipv6_addresses": [],
            "key_name": "buecherei-key",
            "launch_template": [],
            "maintenance_options": [
              {
                "auto_recovery": "default"
              }
            ],
            "metadata_options": [
              {
                "http_endpoint": "enabled",
                "http_protocol_ipv6": "disabled",
                "http_put_response_hop_limit": 2,
                "http_tokens": "required",
                "instance_metadata_tags": "disabled"
              }
            ],
            "monitoring": false,
            "network_interface": [],
            "outpost_arn": "",
            "password_data": "",
            "placement_group": "",
            "placement_partition_number": 0,
            "primary_network_interface_id": "eni-03654c41c943d44a0",
            "private_dns": "ip-172-31-35-5.eu-north-1.compute.internal",
            "private_dns_name_options": [
              {
                "enable_resource_name_dns_a_record": false,
                "enable_resource_name_dns_aaaa_record": false,
                "hostname_type": "ip-name"
              }
            ],
            "private_ip": "172.31.35.5",
            "public_dns": "ec2-13-48-194-194.eu-north-1.compute.amazonaws.com",
            "public_ip": "13.48.194.194",
            "root_block_device": [
              {
                "delete_on_termination": true,
                "device_name": "/dev/sda1",
                "encrypted": false,
                "iops": 3000,
                "kms_key_id": "",
                "tags": {},
                "tags_all": {},
                "throughput": 125,
                "volume_id": "vol-0e158c44881775120",
                "volume_size": 8,
                "volume_type": "gp3"
              }
            ],
            "secondary_private_ips": [],
            "security_groups": [
              "buecherei-sg"
            ],
            "source_dest_check": true,
            "spot_instance_request_id": "",
            "subnet_id": "subnet-07f870391120d7ee8",
            "tags": {
              "Name": "buecherei-server"
            },
            "tags_all": {
              "Name": "buecherei-server"
            },
            "tenancy": "default",
            "timeouts": null,
            "user_data": null,
            "user_data_base64": null,
            "user_data_replace_on_change": false,
            "volume_tags": null,
            "vpc_security_group_ids": [
              "sg-053778aa040d1b108"
            ]
          },
          "sensitive_attributes": [],
          "identity_schema_version": 0,
          "private": "eyJlMmJmYjczMC1lY2FhLTExZTYtOGY4OC0zNDM2M2JjN2M0YzAiOnsiY3JlYXRlIjo2MDAwMDAwMDAwMDAsImRlbGV0ZSI6MTIwMDAwMDAwMDAwMCwicmVhZCI6OTAwMDAwMDAwMDAwLCJ1cGRhdGUiOjYwMDAwMDAwMDAwMH0sInNjaGVtYV92ZXJzaW9uIjoiMSJ9",
          "dependencies": [
            "aws_key_pair.buecherei_key",
            "aws_security_group.buecherei_sg"
          ]
        }
      ]
    },
    {
      "mode": "managed",
      "type": "aws_key_pair",
      "name": "buecherei_key",
      "provider": "provider[\"registry.terraform.io/hashicorp/aws\"]",
      "instances": [
        {
          "schema_version": 1,
          "attributes": {
            "arn": "arn:aws:ec2:eu-north-1:284483510826:key-pair/buecherei-key",
            "fingerprint": "ed:9c:d2:99:55:aa:2f:df:34:f5:fa:11:c9:d9:ce:f8",
            "id": "buecherei-key",
            "key_name": "buecherei-key",
            "key_name_prefix": "",
            "key_pair_id": "key-0e933110a6c5e0fa1",
            "key_type": "rsa",
            "public_key": "ssh-rsa AAAAB3NzaC1yc2EAAAADAQABAAACAQDA13MM41Phvt2Ij/txLmIbbOERU2giSb5Wf8hbWCHushmy0T861NdHd5tUk8wtoUn92ct9RqcDDlUmYNBjTFgm029Em3quoged+f+zuHPGUMr7Nf451sAB5MyhxucdC0dA0MXiKmdWMixz0O+Td83WFTTl0gALDItppU+YMvTBBO49IfuqctDHMlG/3GoO+uakjx8O/eS2EMXOv0mghnLxml7jCPO62jHKYRN70qUCjm2Se1GP+/bjxmOSMJbTwKMihrXhbWBG0CKHghMkwI/+ItrdbAM/F7t2PzjkMGwYO/2YtzZIRWNgH1tcMqVRbWaZ/mJ+x5XuPEWm6WNC4LATy87NMrZNVYMkiufjeV28DylgrbstacWKmxp7SwiNjEPH8ZtbBnCjbeb8RtygsJAhpVE/XyNf9puwe4SkuLDTcG4DGUI3slLKMBkGbk6JRApM8lClmeZWLb22Xk7STaYaBZNb0MC4mXCR90zEYNRgkk1FJCHb/v+mbjtn/3nT3b+t6p9Fj7Dx0zrMZMFa2jfWmzMSbcnMAASSKx/2ynfmfbf0nyaQDDNo+cNqp/ZmG6GyFbNt43FaOsOM88wS+S5y5maw7Z091TjQZww+HTzBVmfETPDUVEQxItT+UxSc4AFnPEJI/MCLlc+x6fy/qTk2sx2N/8/Z0yTLlOEnntjNNQ== teilnehmer@BBA-MG-LT37",
            "tags": null,
            "tags_all": {}
          },
          "sensitive_attributes": [],
          "identity_schema_version": 0,
          "private": "eyJzY2hlbWFfdmVyc2lvbiI6IjEifQ=="
        }
      ]
    },
    {
      "mode": "managed",
      "type": "aws_security_group",
      "name": "buecherei_sg",
      "provider": "provider[\"registry.terraform.io/hashicorp/aws\"]",
      "instances": [
        {
          "schema_version": 1,
          "attributes": {
            "arn": "arn:aws:ec2:eu-north-1:284483510826:security-group/sg-053778aa040d1b108",
            "description": "Managed by Terraform",
            "egress": [
              {
                "cidr_blocks": [
                  "0.0.0.0/0"
                ],
                "description": "",
                "from_port": 0,
                "ipv6_cidr_blocks": [],
                "prefix_list_ids": [],
                "protocol": "-1",
                "security_groups": [],
                "self": false,
                "to_port": 0
              }
            ],
            "id": "sg-053778aa040d1b108",
            "ingress": [
              {
                "cidr_blocks": [
                  "0.0.0.0/0"
                ],
                "description": "",
                "from_port": 22,
                "ipv6_cidr_blocks": [],
                "prefix_list_ids": [],
                "protocol": "tcp",
                "security_groups": [],
                "self": false,
                "to_port": 22
              },
              {
                "cidr_blocks": [
                  "0.0.0.0/0"
                ],
                "description": "",
                "from_port": 8000,
                "ipv6_cidr_blocks": [],
                "prefix_list_ids": [],
                "protocol": "tcp",
                "security_groups": [],
                "self": false,
                "to_port": 8000
              }
            ],
            "name": "buecherei-sg",
            "name_prefix": "",
            "owner_id": "284483510826",
            "revoke_rules_on_delete": false,
            "tags": null,
            "tags_all": {},
            "timeouts": null,
            "vpc_id": "vpc-00f7f1740b9adca84"
          },
          "sensitive_attributes": [],
          "identity_schema_version": 0,
          "private": "eyJlMmJmYjczMC1lY2FhLTExZTYtOGY4OC0zNDM2M2JjN2M0YzAiOnsiY3JlYXRlIjo2MDAwMDAwMDAwMDAsImRlbGV0ZSI6OTAwMDAwMDAwMDAwfSwic2NoZW1hX3ZlcnNpb24iOiIxIn0="
        }
      ]
    }
  ],
  "check_results": null
}
